
Microsoft Visual Studio Solution File, Format Version 11.00
# Visual Studio 2010
Project("{FAE04EC0-301F-11D3-BF4B-00C04F79EFBC}") = "DNSAdminGUI", "DNSAdminGUI\DNSAdminGUI.csproj", "{ECAD5B41-9398-48C8-A5BA-12C3937F041D}"
EndProject
Project("{FAE04EC0-301F-11D3-BF4B-00C04F79EFBC}") = "MSDNSWebAdmin", "MSDNSWebAdmin\MSDNSWebAdmin.csproj", "{2C28A8A2-8719-458F-B73D-6D4542217344}"
EndProject
Project("{FAE04EC0-301F-11D3-BF4B-00C04F79EFBC}") = "DNSManagement", "DNSManagement\DNSManagement.csproj", "{1C5C0CEE-7B14-4D4B-9ED1-F5BA75F40ADE}"
EndProject
Project("{FAE04EC0-301F-11D3-BF4B-00C04F79EFBC}") = "Heijden.DNS", "Heijden.DNS\Heijden.DNS.csproj", "{9C128873-CDBC-46F2-9A37-819E0C54F1B7}"
EndProject
Project("{FAE04EC0-301F-11D3-BF4B-00C04F79EFBC}") = "DNSManagementTest", "DNSManagementTest\DNSManagementTest.csproj", "{E03B4ECC-F09E-4BC9-9C27-5B8D57A4691B}"
EndProject
Project("{2150E333-8FDC-42A3-9474-1A3956D46DE8}") = "Solution Items", "Solution Items", "{86D904F6-4754-4FAD-9BE7-2C883AD1D108}"
	ProjectSection(SolutionItems) = preProject
		DNSAdminGUI.vsmdi = DNSAdminGUI.vsmdi
		Local.testsettings = Local.testsettings
		TraceAndTestImpact.testsettings = TraceAndTestImpact.testsettings
	EndProjectSection
EndProject
Global
	GlobalSection(TestCaseManagementSettings) = postSolution
		CategoryFile = DNSAdminGUI.vsmdi
	EndGlobalSection
	GlobalSection(SolutionConfigurationPlatforms) = preSolution
		Debug|Any CPU = Debug|Any CPU
		Debug|Mixed Platforms = Debug|Mixed Platforms
		Debug|x86 = Debug|x86
		Release|Any CPU = Release|Any CPU
		Release|Mixed Platforms = Release|Mixed Platforms
		Release|x86 = Release|x86
	EndGlobalSection
	GlobalSection(ProjectConfigurationPlatforms) = postSolution
		{ECAD5B41-9398-48C8-A5BA-12C3937F041D}.Debug|Any CPU.ActiveCfg = Debug|x86
		{ECAD5B41-9398-48C8-A5BA-12C3937F041D}.Debug|Mixed Platforms.ActiveCfg = Debug|x86
		{ECAD5B41-9398-48C8-A5BA-12C3937F041D}.Debug|Mixed Platforms.Build.0 = Debug|x86
		{ECAD5B41-9398-48C8-A5BA-12C3937F041D}.Debug|x86.ActiveCfg = Debug|x86
		{ECAD5B41-9398-48C8-A5BA-12C3937F041D}.Debug|x86.Build.0 = Debug|x86
		{ECAD5B41-9398-48C8-A5BA-12C3937F041D}.Release|Any CPU.ActiveCfg = Release|x86
		{ECAD5B41-9398-48C8-A5BA-12C3937F041D}.Release|Mixed Platforms.ActiveCfg = Release|x86
		{ECAD5B41-9398-48C8-A5BA-12C3937F041D}.Release|Mixed Platforms.Build.0 = Release|x86
		{ECAD5B41-9398-48C8-A5BA-12C3937F041D}.Release|x86.ActiveCfg = Release|x86
		{ECAD5B41-9398-48C8-A5BA-12C3937F041D}.Release|x86.Build.0 = Release|x86
		{2C28A8A2-8719-458F-B73D-6D4542217344}.Debug|Any CPU.ActiveCfg = Debug|Any CPU
		{2C28A8A2-8719-458F-B73D-6D4542217344}.Debug|Any CPU.Build.0 = Debug|Any CPU
		{2C28A8A2-8719-458F-B73D-6D4542217344}.Debug|Mixed Platforms.ActiveCfg = Debug|Any CPU
		{2C28A8A2-8719-458F-B73D-6D4542217344}.Debug|Mixed Platforms.Build.0 = Debug|Any CPU
		{2C28A8A2-8719-458F-B73D-6D4542217344}.Debug|x86.ActiveCfg = Debug|Any CPU
		{2C28A8A2-8719-458F-B73D-6D4542217344}.Release|Any CPU.ActiveCfg = Release|Any CPU
		{2C28A8A2-8719-458F-B73D-6D4542217344}.Release|Any CPU.Build.0 = Release|Any CPU
		{2C28A8A2-8719-458F-B73D-6D4542217344}.Release|Mixed Platforms.ActiveCfg = Release|Any CPU
		{2C28A8A2-8719-458F-B73D-6D4542217344}.Release|Mixed Platforms.Build.0 = Release|Any CPU
		{2C28A8A2-8719-458F-B73D-6D4542217344}.Release|x86.ActiveCfg = Release|Any CPU
		{1C5C0CEE-7B14-4D4B-9ED1-F5BA75F40ADE}.Debug|Any CPU.ActiveCfg = Debug|Any CPU
		{1C5C0CEE-7B14-4D4B-9ED1-F5BA75F40ADE}.Debug|Any CPU.Build.0 = Debug|Any CPU
		{1C5C0CEE-7B14-4D4B-9ED1-F5BA75F40ADE}.Debug|Mixed Platforms.ActiveCfg = Debug|Any CPU
		{1C5C0CEE-7B14-4D4B-9ED1-F5BA75F40ADE}.Debug|Mixed Platforms.Build.0 = Debug|Any CPU
		{1C5C0CEE-7B14-4D4B-9ED1-F5BA75F40ADE}.Debug|x86.ActiveCfg = Debug|Any CPU
		{1C5C0CEE-7B14-4D4B-9ED1-F5BA75F40ADE}.Release|Any CPU.ActiveCfg = Release|Any CPU
		{1C5C0CEE-7B14-4D4B-9ED1-F5BA75F40ADE}.Release|Any CPU.Build.0 = Release|Any CPU
		{1C5C0CEE-7B14-4D4B-9ED1-F5BA75F40ADE}.Release|Mixed Platforms.ActiveCfg = Release|Any CPU
		{1C5C0CEE-7B14-4D4B-9ED1-F5BA75F40ADE}.Release|Mixed Platforms.Build.0 = Release|Any CPU
		{1C5C0CEE-7B14-4D4B-9ED1-F5BA75F40ADE}.Release|x86.ActiveCfg = Release|Any CPU
		{9C128873-CDBC-46F2-9A37-819E0C54F1B7}.Debug|Any CPU.ActiveCfg = Debug|Any CPU
		{9C128873-CDBC-46F2-9A37-819E0C54F1B7}.Debug|Any CPU.Build.0 = Debug|Any CPU
		{9C128873-CDBC-46F2-9A37-819E0C54F1B7}.Debug|Mixed Platforms.ActiveCfg = Debug|Any CPU
		{9C128873-CDBC-46F2-9A37-819E0C54F1B7}.Debug|Mixed Platforms.Build.0 = Debug|Any CPU
		{9C128873-CDBC-46F2-9A37-819E0C54F1B7}.Debug|x86.ActiveCfg = Debug|Any CPU
		{9C128873-CDBC-46F2-9A37-819E0C54F1B7}.Release|Any CPU.ActiveCfg = Release|Any CPU
		{9C128873-CDBC-46F2-9A37-819E0C54F1B7}.Release|Any CPU.Build.0 = Release|Any CPU
		{9C128873-CDBC-46F2-9A37-819E0C54F1B7}.Release|Mixed Platforms.ActiveCfg = Release|Any CPU
		{9C128873-CDBC-46F2-9A37-819E0C54F1B7}.Release|Mixed Platforms.Build.0 = Release|Any CPU
		{9C128873-CDBC-46F2-9A37-819E0C54F1B7}.Release|x86.ActiveCfg = Release|Any CPU
		{E03B4ECC-F09E-4BC9-9C27-5B8D57A4691B}.Debug|Any CPU.ActiveCfg = Debug|Any CPU
		{E03B4ECC-F09E-4BC9-9C27-5B8D57A4691B}.Debug|Any CPU.Build.0 = Debug|Any CPU
		{E03B4ECC-F09E-4BC9-9C27-5B8D57A4691B}.Debug|Mixed Platforms.ActiveCfg = Debug|Any CPU
		{E03B4ECC-F09E-4BC9-9C27-5B8D57A4691B}.Debug|Mixed Platforms.Build.0 = Debug|Any CPU
		{E03B4ECC-F09E-4BC9-9C27-5B8D57A4691B}.Debug|x86.ActiveCfg = Debug|Any CPU
		{E03B4ECC-F09E-4BC9-9C27-5B8D57A4691B}.Release|Any CPU.ActiveCfg = Release|Any CPU
		{E03B4ECC-F09E-4BC9-9C27-5B8D57A4691B}.Release|Any CPU.Build.0 = Release|Any CPU
		{E03B4ECC-F09E-4BC9-9C27-5B8D57A4691B}.Release|Mixed Platforms.ActiveCfg = Release|Any CPU
		{E03B4ECC-F09E-4BC9-9C27-5B8D57A4691B}.Release|Mixed Platforms.Build.0 = Release|Any CPU
		{E03B4ECC-F09E-4BC9-9C27-5B8D57A4691B}.Release|x86.ActiveCfg = Release|Any CPU
	EndGlobalSection
	GlobalSection(SolutionProperties) = preSolution
		HideSolutionNode = FALSE
	EndGlobalSection
EndGlobal
